
Microsoft Visual Studio Solution File, Format Version 12.00
# Visual Studio Version 16
VisualStudioVersion = 16.0.30804.86
MinimumVisualStudioVersion = 10.0.40219.1
Project("{FAE04EC0-301F-11D3-BF4B-00C04F79EFBC}") = "RISA_CustomActionsLib", "RISA_CustomActionsLib\RISA_CustomActionsLib.csproj", "{235D810D-4043-4F0D-A401-D42CDF9462D6}"
EndProject
Project("{FAE04EC0-301F-11D3-BF4B-00C04F79EFBC}") = "RISA_CustomActionsLib.Test", "RISA_CustomActionsLib.Test\RISA_CustomActionsLib.Test.csproj", "{17BB7150-D3C8-4A42-B25A-2A7DB3F8C7C1}"
EndProject
Project("{2150E333-8FDC-42A3-9474-1A3956D46DE8}") = "Tools", "Tools", "{32889573-204C-43BF-8FF1-3CE5CB0A6D27}"
EndProject
Project("{FAE04EC0-301F-11D3-BF4B-00C04F79EFBC}") = "ScanUnInstallRegistry", "Tools\ScanUnInstallRegistry\ScanUnInstallRegistry.csproj", "{B9E7D769-4981-4E2B-807A-6E7CC088A859}"
EndProject
Project("{FAE04EC0-301F-11D3-BF4B-00C04F79EFBC}") = "FindRemInstalledProductsWPF", "Tools\FindRemInstalledProductsWPF\FindRemInstalledProductsWPF.csproj", "{F56A9C5B-6A26-49CA-82BD-DA13E26BFE8E}"
EndProject
Project("{2150E333-8FDC-42A3-9474-1A3956D46DE8}") = "PreReqs", "PreReqs", "{F52BA8CE-A25E-4A83-BB69-810F684E5BA9}"
EndProject
Project("{FAE04EC0-301F-11D3-BF4B-00C04F79EFBC}") = "Silent-PreInstall", "PreReqs\Silent-PreInstall\Silent-PreInstall.csproj", "{127B8AE5-12F4-4BEC-B492-F211F7CAA623}"
EndProject
Project("{FAE04EC0-301F-11D3-BF4B-00C04F79EFBC}") = "Silent-PreInstall_TestLib", "PreReqs\Silent-PreInstall_TestLib\Silent-PreInstall_TestLib.csproj", "{59CDE944-BC0A-4D08-ABF0-11E92EA3E6B9}"
EndProject
Project("{FAE04EC0-301F-11D3-BF4B-00C04F79EFBC}") = "Silent-PreInstall_TestLib.Tests", "PreReqs\Silent-PreInstall_TestLib.Tests\Silent-PreInstall_TestLib.Tests.csproj", "{97E0ABAB-7CBD-494F-8074-8CCDA7169362}"
EndProject
Global
	GlobalSection(SolutionConfigurationPlatforms) = preSolution
		Debug|Any CPU = Debug|Any CPU
		Debug|x64 = Debug|x64
		Debug|x86 = Debug|x86
		Release|Any CPU = Release|Any CPU
		Release|x64 = Release|x64
		Release|x86 = Release|x86
	EndGlobalSection
	GlobalSection(ProjectConfigurationPlatforms) = postSolution
		{235D810D-4043-4F0D-A401-D42CDF9462D6}.Debug|Any CPU.ActiveCfg = Debug|x64
		{235D810D-4043-4F0D-A401-D42CDF9462D6}.Debug|Any CPU.Build.0 = Debug|x64
		{235D810D-4043-4F0D-A401-D42CDF9462D6}.Debug|x64.ActiveCfg = Debug|x64
		{235D810D-4043-4F0D-A401-D42CDF9462D6}.Debug|x64.Build.0 = Debug|x64
		{235D810D-4043-4F0D-A401-D42CDF9462D6}.Debug|x86.ActiveCfg = Debug|x86
		{235D810D-4043-4F0D-A401-D42CDF9462D6}.Debug|x86.Build.0 = Debug|x86
		{235D810D-4043-4F0D-A401-D42CDF9462D6}.Release|Any CPU.ActiveCfg = Release|x64
		{235D810D-4043-4F0D-A401-D42CDF9462D6}.Release|Any CPU.Build.0 = Release|x64
		{235D810D-4043-4F0D-A401-D42CDF9462D6}.Release|x64.ActiveCfg = Release|x64
		{235D810D-4043-4F0D-A401-D42CDF9462D6}.Release|x64.Build.0 = Release|x64
		{235D810D-4043-4F0D-A401-D42CDF9462D6}.Release|x86.ActiveCfg = Release|x86
		{235D810D-4043-4F0D-A401-D42CDF9462D6}.Release|x86.Build.0 = Release|x86
		{17BB7150-D3C8-4A42-B25A-2A7DB3F8C7C1}.Debug|Any CPU.ActiveCfg = Debug|x64
		{17BB7150-D3C8-4A42-B25A-2A7DB3F8C7C1}.Debug|Any CPU.Build.0 = Debug|x64
		{17BB7150-D3C8-4A42-B25A-2A7DB3F8C7C1}.Debug|x64.ActiveCfg = Debug|Any CPU
		{17BB7150-D3C8-4A42-B25A-2A7DB3F8C7C1}.Debug|x64.Build.0 = Debug|Any CPU
		{17BB7150-D3C8-4A42-B25A-2A7DB3F8C7C1}.Debug|x86.ActiveCfg = Debug|Any CPU
		{17BB7150-D3C8-4A42-B25A-2A7DB3F8C7C1}.Debug|x86.Build.0 = Debug|Any CPU
		{17BB7150-D3C8-4A42-B25A-2A7DB3F8C7C1}.Release|Any CPU.ActiveCfg = Release|x64
		{17BB7150-D3C8-4A42-B25A-2A7DB3F8C7C1}.Release|Any CPU.Build.0 = Release|x64
		{17BB7150-D3C8-4A42-B25A-2A7DB3F8C7C1}.Release|x64.ActiveCfg = Release|Any CPU
		{17BB7150-D3C8-4A42-B25A-2A7DB3F8C7C1}.Release|x64.Build.0 = Release|Any CPU
		{17BB7150-D3C8-4A42-B25A-2A7DB3F8C7C1}.Release|x86.ActiveCfg = Release|Any CPU
		{17BB7150-D3C8-4A42-B25A-2A7DB3F8C7C1}.Release|x86.Build.0 = Release|Any CPU
		{B9E7D769-4981-4E2B-807A-6E7CC088A859}.Debug|Any CPU.ActiveCfg = Debug|Any CPU
		{B9E7D769-4981-4E2B-807A-6E7CC088A859}.Debug|Any CPU.Build.0 = Debug|Any CPU
		{B9E7D769-4981-4E2B-807A-6E7CC088A859}.Debug|x64.ActiveCfg = Debug|Any CPU
		{B9E7D769-4981-4E2B-807A-6E7CC088A859}.Debug|x64.Build.0 = Debug|Any CPU
		{B9E7D769-4981-4E2B-807A-6E7CC088A859}.Debug|x86.ActiveCfg = Debug|Any CPU
		{B9E7D769-4981-4E2B-807A-6E7CC088A859}.Debug|x86.Build.0 = Debug|Any CPU
		{B9E7D769-4981-4E2B-807A-6E7CC088A859}.Release|Any CPU.ActiveCfg = Release|Any CPU
		{B9E7D769-4981-4E2B-807A-6E7CC088A859}.Release|Any CPU.Build.0 = Release|Any CPU
		{B9E7D769-4981-4E2B-807A-6E7CC088A859}.Release|x64.ActiveCfg = Release|Any CPU
		{B9E7D769-4981-4E2B-807A-6E7CC088A859}.Release|x64.Build.0 = Release|Any CPU
		{B9E7D769-4981-4E2B-807A-6E7CC088A859}.Release|x86.ActiveCfg = Release|Any CPU
		{B9E7D769-4981-4E2B-807A-6E7CC088A859}.Release|x86.Build.0 = Release|Any CPU
		{F56A9C5B-6A26-49CA-82BD-DA13E26BFE8E}.Debug|Any CPU.ActiveCfg = Debug|Any CPU
		{F56A9C5B-6A26-49CA-82BD-DA13E26BFE8E}.Debug|Any CPU.Build.0 = Debug|Any CPU
		{F56A9C5B-6A26-49CA-82BD-DA13E26BFE8E}.Debug|x64.ActiveCfg = Debug|Any CPU
		{F56A9C5B-6A26-49CA-82BD-DA13E26BFE8E}.Debug|x64.Build.0 = Debug|Any CPU
		{F56A9C5B-6A26-49CA-82BD-DA13E26BFE8E}.Debug|x86.ActiveCfg = Debug|Any CPU
		{F56A9C5B-6A26-49CA-82BD-DA13E26BFE8E}.Debug|x86.Build.0 = Debug|Any CPU
		{F56A9C5B-6A26-49CA-82BD-DA13E26BFE8E}.Release|Any CPU.ActiveCfg = Release|Any CPU
		{F56A9C5B-6A26-49CA-82BD-DA13E26BFE8E}.Release|Any CPU.Build.0 = Release|Any CPU
		{F56A9C5B-6A26-49CA-82BD-DA13E26BFE8E}.Release|x64.ActiveCfg = Release|Any CPU
		{F56A9C5B-6A26-49CA-82BD-DA13E26BFE8E}.Release|x64.Build.0 = Release|Any CPU
		{F56A9C5B-6A26-49CA-82BD-DA13E26BFE8E}.Release|x86.ActiveCfg = Release|Any CPU
		{F56A9C5B-6A26-49CA-82BD-DA13E26BFE8E}.Release|x86.Build.0 = Release|Any CPU
		{127B8AE5-12F4-4BEC-B492-F211F7CAA623}.Debug|Any CPU.ActiveCfg = Debug|Any CPU
		{127B8AE5-12F4-4BEC-B492-F211F7CAA623}.Debug|Any CPU.Build.0 = Debug|Any CPU
		{127B8AE5-12F4-4BEC-B492-F211F7CAA623}.Debug|x64.ActiveCfg = Debug|x64
		{127B8AE5-12F4-4BEC-B492-F211F7CAA623}.Debug|x64.Build.0 = Debug|x64
		{127B8AE5-12F4-4BEC-B492-F211F7CAA623}.Debug|x86.ActiveCfg = Debug|Any CPU
		{127B8AE5-12F4-4BEC-B492-F211F7CAA623}.Debug|x86.Build.0 = Debug|Any CPU
		{127B8AE5-12F4-4BEC-B492-F211F7CAA623}.Release|Any CPU.ActiveCfg = Release|Any CPU
		{127B8AE5-12F4-4BEC-B492-F211F7CAA623}.Release|Any CPU.Build.0 = Release|Any CPU
		{127B8AE5-12F4-4BEC-B492-F211F7CAA623}.Release|x64.ActiveCfg = Release|Any CPU
		{127B8AE5-12F4-4BEC-B492-F211F7CAA623}.Release|x64.Build.0 = Release|Any CPU
		{127B8AE5-12F4-4BEC-B492-F211F7CAA623}.Release|x86.ActiveCfg = Release|Any CPU
		{127B8AE5-12F4-4BEC-B492-F211F7CAA623}.Release|x86.Build.0 = Release|Any CPU
		{59CDE944-BC0A-4D08-ABF0-11E92EA3E6B9}.Debug|Any CPU.ActiveCfg = Debug|Any CPU
		{59CDE944-BC0A-4D08-ABF0-11E92EA3E6B9}.Debug|Any CPU.Build.0 = Debug|Any CPU
		{59CDE944-BC0A-4D08-ABF0-11E92EA3E6B9}.Debug|x64.ActiveCfg = Debug|Any CPU
		{59CDE944-BC0A-4D08-ABF0-11E92EA3E6B9}.Debug|x64.Build.0 = Debug|Any CPU
		{59CDE944-BC0A-4D08-ABF0-11E92EA3E6B9}.Debug|x86.ActiveCfg = Debug|Any CPU
		{59CDE944-BC0A-4D08-ABF0-11E92EA3E6B9}.Debug|x86.Build.0 = Debug|Any CPU
		{59CDE944-BC0A-4D08-ABF0-11E92EA3E6B9}.Release|Any CPU.ActiveCfg = Release|Any CPU
		{59CDE944-BC0A-4D08-ABF0-11E92EA3E6B9}.Release|Any CPU.Build.0 = Release|Any CPU
		{59CDE944-BC0A-4D08-ABF0-11E92EA3E6B9}.Release|x64.ActiveCfg = Release|Any CPU
		{59CDE944-BC0A-4D08-ABF0-11E92EA3E6B9}.Release|x64.Build.0 = Release|Any CPU
		{59CDE944-BC0A-4D08-ABF0-11E92EA3E6B9}.Release|x86.ActiveCfg = Release|Any CPU
		{59CDE944-BC0A-4D08-ABF0-11E92EA3E6B9}.Release|x86.Build.0 = Release|Any CPU
		{97E0ABAB-7CBD-494F-8074-8CCDA7169362}.Debug|Any CPU.ActiveCfg = Debug|Any CPU
		{97E0ABAB-7CBD-494F-8074-8CCDA7169362}.Debug|Any CPU.Build.0 = Debug|Any CPU
		{97E0ABAB-7CBD-494F-8074-8CCDA7169362}.Debug|x64.ActiveCfg = Debug|Any CPU
		{97E0ABAB-7CBD-494F-8074-8CCDA7169362}.Debug|x64.Build.0 = Debug|Any CPU
		{97E0ABAB-7CBD-494F-8074-8CCDA7169362}.Debug|x86.ActiveCfg = Debug|Any CPU
		{97E0ABAB-7CBD-494F-8074-8CCDA7169362}.Debug|x86.Build.0 = Debug|Any CPU
		{97E0ABAB-7CBD-494F-8074-8CCDA7169362}.Release|Any CPU.ActiveCfg = Release|Any CPU
		{97E0ABAB-7CBD-494F-8074-8CCDA7169362}.Release|Any CPU.Build.0 = Release|Any CPU
		{97E0ABAB-7CBD-494F-8074-8CCDA7169362}.Release|x64.ActiveCfg = Release|Any CPU
		{97E0ABAB-7CBD-494F-8074-8CCDA7169362}.Release|x64.Build.0 = Release|Any CPU
		{97E0ABAB-7CBD-494F-8074-8CCDA7169362}.Release|x86.ActiveCfg = Release|Any CPU
		{97E0ABAB-7CBD-494F-8074-8CCDA7169362}.Release|x86.Build.0 = Release|Any CPU
	EndGlobalSection
	GlobalSection(SolutionProperties) = preSolution
		HideSolutionNode = FALSE
	EndGlobalSection
	GlobalSection(NestedProjects) = preSolution
		{B9E7D769-4981-4E2B-807A-6E7CC088A859} = {32889573-204C-43BF-8FF1-3CE5CB0A6D27}
		{F56A9C5B-6A26-49CA-82BD-DA13E26BFE8E} = {32889573-204C-43BF-8FF1-3CE5CB0A6D27}
		{127B8AE5-12F4-4BEC-B492-F211F7CAA623} = {F52BA8CE-A25E-4A83-BB69-810F684E5BA9}
		{59CDE944-BC0A-4D08-ABF0-11E92EA3E6B9} = {F52BA8CE-A25E-4A83-BB69-810F684E5BA9}
		{97E0ABAB-7CBD-494F-8074-8CCDA7169362} = {F52BA8CE-A25E-4A83-BB69-810F684E5BA9}
	EndGlobalSection
	GlobalSection(ExtensibilityGlobals) = postSolution
		SolutionGuid = {56EFE063-EADE-46CF-A00D-8C8FF52B3F34}
	EndGlobalSection
EndGlobal
